
Microsoft Visual Studio Solution File, Format Version 12.00
# Visual Studio Version 17
VisualStudioVersion = 17.0.32126.317
MinimumVisualStudioVersion = 10.0.40219.1
Project("{2150E333-8FDC-42A3-9474-1A3956D46DE8}") = "src", "src", "{B3A18B50-5547-4731-9572-97C5403F7C83}"
EndProject
Project("{2150E333-8FDC-42A3-9474-1A3956D46DE8}") = "Services", "Services", "{1690563F-A173-4A66-8375-6E475F84CDB3}"
EndProject
Project("{2150E333-8FDC-42A3-9474-1A3956D46DE8}") = "Catalog", "Catalog", "{B22C93AA-CD94-4BDA-8CF2-6A02D1DE58A2}"
EndProject
Project("{2150E333-8FDC-42A3-9474-1A3956D46DE8}") = "BuildingBlocks", "BuildingBlocks", "{E96C8DBD-D73F-4139-BF61-512C0BC92B27}"
EndProject
Project("{2150E333-8FDC-42A3-9474-1A3956D46DE8}") = "Devspaces.Support", "Devspaces.Support", "{B4F7FA7D-651A-4B56-B195-B17947ACA39B}"
EndProject
Project("{2150E333-8FDC-42A3-9474-1A3956D46DE8}") = "EventBus", "EventBus", "{09738520-9BCD-42C4-98F9-2932DD5647AF}"
EndProject
Project("{2150E333-8FDC-42A3-9474-1A3956D46DE8}") = "WebHost", "WebHost", "{18CFF7F4-9857-4B29-9BCA-BA7892C11322}"
EndProject
Project("{9A19103F-16F7-4668-BE54-9A1E7A4F7556}") = "Devspaces.Support", "BuildingBlocks\Devspaces.Support\Devspaces.Support.csproj", "{2300DA35-07DD-4020-9089-6C79916EE4C9}"
EndProject
Project("{9A19103F-16F7-4668-BE54-9A1E7A4F7556}") = "EventBus", "BuildingBlocks\EventBus\EventBus\EventBus.csproj", "{7D67D0FE-B086-423C-B71C-BC713C9E0AFF}"
EndProject
Project("{9A19103F-16F7-4668-BE54-9A1E7A4F7556}") = "EventBusRabbitMQ", "BuildingBlocks\EventBus\EventBusRabbitMQ\EventBusRabbitMQ.csproj", "{D65150F3-F33C-4C33-80B9-7AF2D8E1ACBE}"
EndProject
Project("{9A19103F-16F7-4668-BE54-9A1E7A4F7556}") = "IntegrationEventLogEF", "BuildingBlocks\EventBus\IntegrationEventLogEF\IntegrationEventLogEF.csproj", "{7A4ADBE0-CC9C-4895-9538-0529B1602F4B}"
EndProject
Project("{9A19103F-16F7-4668-BE54-9A1E7A4F7556}") = "WebHost.Customization", "BuildingBlocks\WebHostCustomization\WebHost.Customization\WebHost.Customization.csproj", "{05A6C89A-98CB-4B84-BB6B-155439C16AE7}"
EndProject
Project("{9A19103F-16F7-4668-BE54-9A1E7A4F7556}") = "Catalog.API", "Services\Catalog\Catalog.API\Catalog.API.csproj", "{7F51F337-FDFC-4FC3-B080-303A149DAE71}"
EndProject
Project("{9A19103F-16F7-4668-BE54-9A1E7A4F7556}") = "Catalog.Domain", "Services\Catalog\Catalog.Domain\Catalog.Domain.csproj", "{F71EE827-34B1-4967-8FA0-533009A2470C}"
EndProject
Project("{9A19103F-16F7-4668-BE54-9A1E7A4F7556}") = "Catalog.Infrastructure", "Services\Catalog\Catalog.Infrastructure\Catalog.Infrastructure.csproj", "{7E96A14C-B48F-48A8-AFA1-6547D3438374}"
EndProject
Global
	GlobalSection(SolutionConfigurationPlatforms) = preSolution
		Debug|Any CPU = Debug|Any CPU
		Release|Any CPU = Release|Any CPU
	EndGlobalSection
	GlobalSection(ProjectConfigurationPlatforms) = postSolution
		{2300DA35-07DD-4020-9089-6C79916EE4C9}.Debug|Any CPU.ActiveCfg = Debug|Any CPU
		{2300DA35-07DD-4020-9089-6C79916EE4C9}.Debug|Any CPU.Build.0 = Debug|Any CPU
		{2300DA35-07DD-4020-9089-6C79916EE4C9}.Release|Any CPU.ActiveCfg = Release|Any CPU
		{2300DA35-07DD-4020-9089-6C79916EE4C9}.Release|Any CPU.Build.0 = Release|Any CPU
		{7D67D0FE-B086-423C-B71C-BC713C9E0AFF}.Debug|Any CPU.ActiveCfg = Debug|Any CPU
		{7D67D0FE-B086-423C-B71C-BC713C9E0AFF}.Debug|Any CPU.Build.0 = Debug|Any CPU
		{7D67D0FE-B086-423C-B71C-BC713C9E0AFF}.Release|Any CPU.ActiveCfg = Release|Any CPU
		{7D67D0FE-B086-423C-B71C-BC713C9E0AFF}.Release|Any CPU.Build.0 = Release|Any CPU
		{D65150F3-F33C-4C33-80B9-7AF2D8E1ACBE}.Debug|Any CPU.ActiveCfg = Debug|Any CPU
		{D65150F3-F33C-4C33-80B9-7AF2D8E1ACBE}.Debug|Any CPU.Build.0 = Debug|Any CPU
		{D65150F3-F33C-4C33-80B9-7AF2D8E1ACBE}.Release|Any CPU.ActiveCfg = Release|Any CPU
		{D65150F3-F33C-4C33-80B9-7AF2D8E1ACBE}.Release|Any CPU.Build.0 = Release|Any CPU
		{7A4ADBE0-CC9C-4895-9538-0529B1602F4B}.Debug|Any CPU.ActiveCfg = Debug|Any CPU
		{7A4ADBE0-CC9C-4895-9538-0529B1602F4B}.Debug|Any CPU.Build.0 = Debug|Any CPU
		{7A4ADBE0-CC9C-4895-9538-0529B1602F4B}.Release|Any CPU.ActiveCfg = Release|Any CPU
		{7A4ADBE0-CC9C-4895-9538-0529B1602F4B}.Release|Any CPU.Build.0 = Release|Any CPU
		{05A6C89A-98CB-4B84-BB6B-155439C16AE7}.Debug|Any CPU.ActiveCfg = Debug|Any CPU
		{05A6C89A-98CB-4B84-BB6B-155439C16AE7}.Debug|Any CPU.Build.0 = Debug|Any CPU
		{05A6C89A-98CB-4B84-BB6B-155439C16AE7}.Release|Any CPU.ActiveCfg = Release|Any CPU
		{05A6C89A-98CB-4B84-BB6B-155439C16AE7}.Release|Any CPU.Build.0 = Release|Any CPU
		{7F51F337-FDFC-4FC3-B080-303A149DAE71}.Debug|Any CPU.ActiveCfg = Debug|Any CPU
		{7F51F337-FDFC-4FC3-B080-303A149DAE71}.Debug|Any CPU.Build.0 = Debug|Any CPU
		{7F51F337-FDFC-4FC3-B080-303A149DAE71}.Release|Any CPU.ActiveCfg = Release|Any CPU
		{7F51F337-FDFC-4FC3-B080-303A149DAE71}.Release|Any CPU.Build.0 = Release|Any CPU
		{F71EE827-34B1-4967-8FA0-533009A2470C}.Debug|Any CPU.ActiveCfg = Debug|Any CPU
		{F71EE827-34B1-4967-8FA0-533009A2470C}.Debug|Any CPU.Build.0 = Debug|Any CPU
		{F71EE827-34B1-4967-8FA0-533009A2470C}.Release|Any CPU.ActiveCfg = Release|Any CPU
		{F71EE827-34B1-4967-8FA0-533009A2470C}.Release|Any CPU.Build.0 = Release|Any CPU
		{7E96A14C-B48F-48A8-AFA1-6547D3438374}.Debug|Any CPU.ActiveCfg = Debug|Any CPU
		{7E96A14C-B48F-48A8-AFA1-6547D3438374}.Debug|Any CPU.Build.0 = Debug|Any CPU
		{7E96A14C-B48F-48A8-AFA1-6547D3438374}.Release|Any CPU.ActiveCfg = Release|Any CPU
		{7E96A14C-B48F-48A8-AFA1-6547D3438374}.Release|Any CPU.Build.0 = Release|Any CPU
	EndGlobalSection
	GlobalSection(SolutionProperties) = preSolution
		HideSolutionNode = FALSE
	EndGlobalSection
	GlobalSection(NestedProjects) = preSolution
		{1690563F-A173-4A66-8375-6E475F84CDB3} = {B3A18B50-5547-4731-9572-97C5403F7C83}
		{B22C93AA-CD94-4BDA-8CF2-6A02D1DE58A2} = {1690563F-A173-4A66-8375-6E475F84CDB3}
		{E96C8DBD-D73F-4139-BF61-512C0BC92B27} = {B3A18B50-5547-4731-9572-97C5403F7C83}
		{B4F7FA7D-651A-4B56-B195-B17947ACA39B} = {E96C8DBD-D73F-4139-BF61-512C0BC92B27}
		{09738520-9BCD-42C4-98F9-2932DD5647AF} = {E96C8DBD-D73F-4139-BF61-512C0BC92B27}
		{18CFF7F4-9857-4B29-9BCA-BA7892C11322} = {E96C8DBD-D73F-4139-BF61-512C0BC92B27}
		{2300DA35-07DD-4020-9089-6C79916EE4C9} = {B4F7FA7D-651A-4B56-B195-B17947ACA39B}
		{7D67D0FE-B086-423C-B71C-BC713C9E0AFF} = {09738520-9BCD-42C4-98F9-2932DD5647AF}
		{D65150F3-F33C-4C33-80B9-7AF2D8E1ACBE} = {09738520-9BCD-42C4-98F9-2932DD5647AF}
		{7A4ADBE0-CC9C-4895-9538-0529B1602F4B} = {09738520-9BCD-42C4-98F9-2932DD5647AF}
		{05A6C89A-98CB-4B84-BB6B-155439C16AE7} = {18CFF7F4-9857-4B29-9BCA-BA7892C11322}
		{7F51F337-FDFC-4FC3-B080-303A149DAE71} = {B22C93AA-CD94-4BDA-8CF2-6A02D1DE58A2}
		{F71EE827-34B1-4967-8FA0-533009A2470C} = {B22C93AA-CD94-4BDA-8CF2-6A02D1DE58A2}
		{7E96A14C-B48F-48A8-AFA1-6547D3438374} = {B22C93AA-CD94-4BDA-8CF2-6A02D1DE58A2}
	EndGlobalSection
	GlobalSection(ExtensibilityGlobals) = postSolution
		SolutionGuid = {C669E292-CBCD-4FB5-86D7-222B5A29C9F8}
	EndGlobalSection
EndGlobal
